
Microsoft Visual Studio Solution File, Format Version 12.00
# Visual Studio Version 17
VisualStudioVersion = 17.10.35027.167
MinimumVisualStudioVersion = 10.0.40219.1
Project("{FAE04EC0-301F-11D3-BF4B-00C04F79EFBC}") = "таск-4", "таск-4.csproj", "{3E765C64-F5D0-4366-9F94-969EA7A5764F}"
EndProject
Global
	GlobalSection(SolutionConfigurationPlatforms) = preSolution
		Debug|Any CPU = Debug|Any CPU
		Release|Any CPU = Release|Any CPU
	EndGlobalSection
	GlobalSection(ProjectConfigurationPlatforms) = postSolution
		{3E765C64-F5D0-4366-9F94-969EA7A5764F}.Debug|Any CPU.ActiveCfg = Debug|Any CPU
		{3E765C64-F5D0-4366-9F94-969EA7A5764F}.Debug|Any CPU.Build.0 = Debug|Any CPU
		{3E765C64-F5D0-4366-9F94-969EA7A5764F}.Release|Any CPU.ActiveCfg = Release|Any CPU
		{3E765C64-F5D0-4366-9F94-969EA7A5764F}.Release|Any CPU.Build.0 = Release|Any CPU
	EndGlobalSection
	GlobalSection(SolutionProperties) = preSolution
		HideSolutionNode = FALSE
	EndGlobalSection
	GlobalSection(ExtensibilityGlobals) = postSolution
		SolutionGuid = {6BC710FC-7CB7-4CCB-A869-B2C3A8403AE2}
	EndGlobalSection
EndGlobal
